PODS:
  - Capacitor (8.4.2):
    - CapacitorCordova
  - CapacitorBrowser (8.0.4):
    - Capacitor
  - CapacitorCordova (8.4.2)
  - CapacitorShare (8.0.1):
    - Capacitor

DEPENDENCIES:
  - "Capacitor (from `../../node_modules/@capacitor/ios`)"
  - "CapacitorBrowser (from `../../node_modules/@capacitor/browser`)"
  - "CapacitorCordova (from `../../node_modules/@capacitor/ios`)"
  - "CapacitorShare (from `../../node_modules/@capacitor/share`)"

EXTERNAL SOURCES:
  Capacitor:
    :path: "../../node_modules/@capacitor/ios"
  CapacitorBrowser:
    :path: "../../node_modules/@capacitor/browser"
  CapacitorCordova:
    :path: "../../node_modules/@capacitor/ios"
  CapacitorShare:
    :path: "../../node_modules/@capacitor/share"

SPEC CHECKSUMS:
  Capacitor: 52f999235b8bd6a7d01694753f4f4d54d182e3a3
  CapacitorBrowser: 752e0208aa07c7aa63d1f7cde895a3e9519b2656
  CapacitorCordova: 345eacdc4c8282415446aea4acd8c77d82480bd4
  CapacitorShare: 0c58305114538568059bfc07111f22dcb9cb2a82

PODFILE CHECKSUM: 76e1be550c39443508c99c2d8bc39a54aa7f4422

COCOAPODS: 1.16.2
